
Microsoft Visual Studio Solution File, Format Version 12.00
# Visual Studio Version 16
VisualStudioVersion = 16.0.29613.14
MinimumVisualStudioVersion = 10.0.40219.1
Project("{FAE04EC0-301F-11D3-BF4B-00C04F79EFBC}") = "HC_LAUNCHER", "HC_LAUNCHER\HC_LAUNCHER.csproj", "{4E1DBCB9-FB80-42B8-9A7A-89751F44B7C9}"
EndProject
Project("{FAE04EC0-301F-11D3-BF4B-00C04F79EFBC}") = "ComBase", "..\..\00.Com\00.ComLibB\ComBase\ComBase.csproj", "{15FB9AB6-B58A-4808-8FC4-772EA4DA8E18}"
EndProject
Project("{FAE04EC0-301F-11D3-BF4B-00C04F79EFBC}") = "ComDbB", "..\..\00.Com\00.ComLibB\ComDbB\ComDbB.csproj", "{8385746C-582C-4520-B68C-8F62A7F2CD08}"
EndProject
Project("{FAE04EC0-301F-11D3-BF4B-00C04F79EFBC}") = "HC_Core", "..\HC.Core\HC_Core.csproj", "{64291242-9FF4-4F20-BC59-5235B9B7463B}"
EndProject
Project("{FAE04EC0-301F-11D3-BF4B-00C04F79EFBC}") = "HC_OSHA", "..\HC.OSHA\HC_OSHA.csproj", "{4B15B3C6-A091-46DE-9049-7365EEA34FE7}"
EndProject
Project("{FAE04EC0-301F-11D3-BF4B-00C04F79EFBC}") = "PSMH.MVC.Sample", "..\..\99.ETC\PSMH.MVC.Sample\PSMH.MVC.Sample.csproj", "{1AF6F66A-BFE5-4DB3-8AD2-BE7E4FC3D4C2}"
EndProject
Project("{FAE04EC0-301F-11D3-BF4B-00C04F79EFBC}") = "ComHpcLibB", "..\..\00.Com\06.ComHpcLibB\ComHpcLibB\ComHpcLibB.csproj", "{9748399A-1223-4361-B341-2BC620EB7B2F}"
EndProject
Project("{FAE04EC0-301F-11D3-BF4B-00C04F79EFBC}") = "HC.OSHATests", "..\HC.OSHATests\HC.OSHATests.csproj", "{5DFA29BD-47AF-48E7-960C-2CA1099E3F80}"
EndProject
Project("{FAE04EC0-301F-11D3-BF4B-00C04F79EFBC}") = "ERP_Logistics", "..\..\07.ERP\ERP_Logistics\ERP_Logistics.csproj", "{20955A0E-242F-40AD-8C8C-D69552E33C0C}"
EndProject
Project("{FAE04EC0-301F-11D3-BF4B-00C04F79EFBC}") = "ComErpLibB", "..\..\07.ERP\ComErpLibB\ComErpLibB.csproj", "{88938889-507E-4398-AD87-D9DF3FE25543}"
EndProject
Project("{FAE04EC0-301F-11D3-BF4B-00C04F79EFBC}") = "HC_OSHA_LOCALDB", "..\HC_OSHA_LOCALDB\HC_OSHA_LOCALDB.csproj", "{EDB201B5-62A7-4812-B963-034F5CFE0679}"
EndProject
Project("{FAE04EC0-301F-11D3-BF4B-00C04F79EFBC}") = "HC_Tong", "..\HC_Tong\HC_Tong.csproj", "{08D6A5E0-BCA2-4091-BEF7-6F3C4410B9B4}"
EndProject
Project("{FAE04EC0-301F-11D3-BF4B-00C04F79EFBC}") = "ERP_HumanResource", "..\..\07.ERP\ERP_HumanResource\ERP_HumanResource.csproj", "{8142AD8D-2084-4383-996F-5B4CE37853B4}"
EndProject
Project("{FAE04EC0-301F-11D3-BF4B-00C04F79EFBC}") = "HC_Main", "..\HC_Main\HC_Main.csproj", "{9119466B-D85B-40EE-89CF-07EE38B6D1B5}"
EndProject
Project("{FAE04EC0-301F-11D3-BF4B-00C04F79EFBC}") = "ComPmpaLibB", "..\..\00.Com\01.ComPmpaLibB\ComPmpaLibB\ComPmpaLibB.csproj", "{12E278B5-6009-411D-98EC-6A3484945336}"
EndProject
Project("{FAE04EC0-301F-11D3-BF4B-00C04F79EFBC}") = "HC_WEM", "..\HC_WEM\HC_WEM.csproj", "{7EEFE927-403E-4B52-A0AC-014679F83A94}"
EndProject
Project("{FAE04EC0-301F-11D3-BF4B-00C04F79EFBC}") = "HC_WEM_LAUNCHER", "..\HC_WEM_LAUNCHER\HC_WEM_LAUNCHER.csproj", "{80CDB20D-299E-4111-9D23-CC3927F089FC}"
EndProject
Global
	GlobalSection(SolutionConfigurationPlatforms) = preSolution
		Debug|Any CPU = Debug|Any CPU
		Release|Any CPU = Release|Any CPU
	EndGlobalSection
	GlobalSection(ProjectConfigurationPlatforms) = postSolution
		{4E1DBCB9-FB80-42B8-9A7A-89751F44B7C9}.Debug|Any CPU.ActiveCfg = Debug|Any CPU
		{4E1DBCB9-FB80-42B8-9A7A-89751F44B7C9}.Debug|Any CPU.Build.0 = Debug|Any CPU
		{4E1DBCB9-FB80-42B8-9A7A-89751F44B7C9}.Release|Any CPU.ActiveCfg = Release|Any CPU
		{4E1DBCB9-FB80-42B8-9A7A-89751F44B7C9}.Release|Any CPU.Build.0 = Release|Any CPU
		{15FB9AB6-B58A-4808-8FC4-772EA4DA8E18}.Debug|Any CPU.ActiveCfg = Debug|Any CPU
		{15FB9AB6-B58A-4808-8FC4-772EA4DA8E18}.Debug|Any CPU.Build.0 = Debug|Any CPU
		{15FB9AB6-B58A-4808-8FC4-772EA4DA8E18}.Release|Any CPU.ActiveCfg = Release|Any CPU
		{15FB9AB6-B58A-4808-8FC4-772EA4DA8E18}.Release|Any CPU.Build.0 = Release|Any CPU
		{8385746C-582C-4520-B68C-8F62A7F2CD08}.Debug|Any CPU.ActiveCfg = Debug|Any CPU
		{8385746C-582C-4520-B68C-8F62A7F2CD08}.Debug|Any CPU.Build.0 = Debug|Any CPU
		{8385746C-582C-4520-B68C-8F62A7F2CD08}.Release|Any CPU.ActiveCfg = Release|Any CPU
		{8385746C-582C-4520-B68C-8F62A7F2CD08}.Release|Any CPU.Build.0 = Release|Any CPU
		{64291242-9FF4-4F20-BC59-5235B9B7463B}.Debug|Any CPU.ActiveCfg = Debug|Any CPU
		{64291242-9FF4-4F20-BC59-5235B9B7463B}.Debug|Any CPU.Build.0 = Debug|Any CPU
		{64291242-9FF4-4F20-BC59-5235B9B7463B}.Release|Any CPU.ActiveCfg = Release|Any CPU
		{64291242-9FF4-4F20-BC59-5235B9B7463B}.Release|Any CPU.Build.0 = Release|Any CPU
		{4B15B3C6-A091-46DE-9049-7365EEA34FE7}.Debug|Any CPU.ActiveCfg = Debug|Any CPU
		{4B15B3C6-A091-46DE-9049-7365EEA34FE7}.Debug|Any CPU.Build.0 = Debug|Any CPU
		{4B15B3C6-A091-46DE-9049-7365EEA34FE7}.Release|Any CPU.ActiveCfg = Release|Any CPU
		{4B15B3C6-A091-46DE-9049-7365EEA34FE7}.Release|Any CPU.Build.0 = Release|Any CPU
		{1AF6F66A-BFE5-4DB3-8AD2-BE7E4FC3D4C2}.Debug|Any CPU.ActiveCfg = Debug|Any CPU
		{1AF6F66A-BFE5-4DB3-8AD2-BE7E4FC3D4C2}.Debug|Any CPU.Build.0 = Debug|Any CPU
		{1AF6F66A-BFE5-4DB3-8AD2-BE7E4FC3D4C2}.Release|Any CPU.ActiveCfg = Release|Any CPU
		{1AF6F66A-BFE5-4DB3-8AD2-BE7E4FC3D4C2}.Release|Any CPU.Build.0 = Release|Any CPU
		{9748399A-1223-4361-B341-2BC620EB7B2F}.Debug|Any CPU.ActiveCfg = Debug|Any CPU
		{9748399A-1223-4361-B341-2BC620EB7B2F}.Debug|Any CPU.Build.0 = Debug|Any CPU
		{9748399A-1223-4361-B341-2BC620EB7B2F}.Release|Any CPU.ActiveCfg = Release|Any CPU
		{9748399A-1223-4361-B341-2BC620EB7B2F}.Release|Any CPU.Build.0 = Release|Any CPU
		{5DFA29BD-47AF-48E7-960C-2CA1099E3F80}.Debug|Any CPU.ActiveCfg = Debug|Any CPU
		{5DFA29BD-47AF-48E7-960C-2CA1099E3F80}.Debug|Any CPU.Build.0 = Debug|Any CPU
		{5DFA29BD-47AF-48E7-960C-2CA1099E3F80}.Release|Any CPU.ActiveCfg = Release|Any CPU
		{5DFA29BD-47AF-48E7-960C-2CA1099E3F80}.Release|Any CPU.Build.0 = Release|Any CPU
		{20955A0E-242F-40AD-8C8C-D69552E33C0C}.Debug|Any CPU.ActiveCfg = Debug|Any CPU
		{20955A0E-242F-40AD-8C8C-D69552E33C0C}.Debug|Any CPU.Build.0 = Debug|Any CPU
		{20955A0E-242F-40AD-8C8C-D69552E33C0C}.Release|Any CPU.ActiveCfg = Release|Any CPU
		{20955A0E-242F-40AD-8C8C-D69552E33C0C}.Release|Any CPU.Build.0 = Release|Any CPU
		{88938889-507E-4398-AD87-D9DF3FE25543}.Debug|Any CPU.ActiveCfg = Debug|Any CPU
		{88938889-507E-4398-AD87-D9DF3FE25543}.Debug|Any CPU.Build.0 = Debug|Any CPU
		{88938889-507E-4398-AD87-D9DF3FE25543}.Release|Any CPU.ActiveCfg = Release|Any CPU
		{88938889-507E-4398-AD87-D9DF3FE25543}.Release|Any CPU.Build.0 = Release|Any CPU
		{EDB201B5-62A7-4812-B963-034F5CFE0679}.Debug|Any CPU.ActiveCfg = Debug|Any CPU
		{EDB201B5-62A7-4812-B963-034F5CFE0679}.Debug|Any CPU.Build.0 = Debug|Any CPU
		{EDB201B5-62A7-4812-B963-034F5CFE0679}.Release|Any CPU.ActiveCfg = Release|Any CPU
		{EDB201B5-62A7-4812-B963-034F5CFE0679}.Release|Any CPU.Build.0 = Release|Any CPU
		{08D6A5E0-BCA2-4091-BEF7-6F3C4410B9B4}.Debug|Any CPU.ActiveCfg = Debug|Any CPU
		{08D6A5E0-BCA2-4091-BEF7-6F3C4410B9B4}.Debug|Any CPU.Build.0 = Debug|Any CPU
		{08D6A5E0-BCA2-4091-BEF7-6F3C4410B9B4}.Release|Any CPU.ActiveCfg = Release|Any CPU
		{08D6A5E0-BCA2-4091-BEF7-6F3C4410B9B4}.Release|Any CPU.Build.0 = Release|Any CPU
		{8142AD8D-2084-4383-996F-5B4CE37853B4}.Debug|Any CPU.ActiveCfg = Debug|Any CPU
		{8142AD8D-2084-4383-996F-5B4CE37853B4}.Debug|Any CPU.Build.0 = Debug|Any CPU
		{8142AD8D-2084-4383-996F-5B4CE37853B4}.Release|Any CPU.ActiveCfg = Release|Any CPU
		{8142AD8D-2084-4383-996F-5B4CE37853B4}.Release|Any CPU.Build.0 = Release|Any CPU
		{9119466B-D85B-40EE-89CF-07EE38B6D1B5}.Debug|Any CPU.ActiveCfg = Debug|Any CPU
		{9119466B-D85B-40EE-89CF-07EE38B6D1B5}.Debug|Any CPU.Build.0 = Debug|Any CPU
		{9119466B-D85B-40EE-89CF-07EE38B6D1B5}.Release|Any CPU.ActiveCfg = Release|Any CPU
		{9119466B-D85B-40EE-89CF-07EE38B6D1B5}.Release|Any CPU.Build.0 = Release|Any CPU
		{12E278B5-6009-411D-98EC-6A3484945336}.Debug|Any CPU.ActiveCfg = Debug|Any CPU
		{12E278B5-6009-411D-98EC-6A3484945336}.Debug|Any CPU.Build.0 = Debug|Any CPU
		{12E278B5-6009-411D-98EC-6A3484945336}.Release|Any CPU.ActiveCfg = Release|Any CPU
		{12E278B5-6009-411D-98EC-6A3484945336}.Release|Any CPU.Build.0 = Release|Any CPU
		{7EEFE927-403E-4B52-A0AC-014679F83A94}.Debug|Any CPU.ActiveCfg = Debug|Any CPU
		{7EEFE927-403E-4B52-A0AC-014679F83A94}.Debug|Any CPU.Build.0 = Debug|Any CPU
		{7EEFE927-403E-4B52-A0AC-014679F83A94}.Release|Any CPU.ActiveCfg = Release|Any CPU
		{7EEFE927-403E-4B52-A0AC-014679F83A94}.Release|Any CPU.Build.0 = Release|Any CPU
		{80CDB20D-299E-4111-9D23-CC3927F089FC}.Debug|Any CPU.ActiveCfg = Debug|Any CPU
		{80CDB20D-299E-4111-9D23-CC3927F089FC}.Debug|Any CPU.Build.0 = Debug|Any CPU
		{80CDB20D-299E-4111-9D23-CC3927F089FC}.Release|Any CPU.ActiveCfg = Release|Any CPU
		{80CDB20D-299E-4111-9D23-CC3927F089FC}.Release|Any CPU.Build.0 = Release|Any CPU
	EndGlobalSection
	GlobalSection(SolutionProperties) = preSolution
		HideSolutionNode = FALSE
	EndGlobalSection
	GlobalSection(ExtensibilityGlobals) = postSolution
		SolutionGuid = {19F1BD03-4BF6-4BE4-B7C4-EF73B11E116E}
	EndGlobalSection
EndGlobal
